
Microsoft Visual Studio Solution File, Format Version 12.00
# Visual Studio Version 16
VisualStudioVersion = 16.0.31624.102
MinimumVisualStudioVersion = 10.0.40219.1
Project("{8BC9CEB8-8B4A-11D0-8D11-00A0C91BC942}") = "discretelab1(3)", "discretelab1(3)\discretelab1(3).vcxproj", "{9D5CB570-A087-427C-BFC4-EDED51EA99D3}"
EndProject
Global
	GlobalSection(SolutionConfigurationPlatforms) = preSolution
		Debug|x64 = Debug|x64
		Debug|x86 = Debug|x86
		Release|x64 = Release|x64
		Release|x86 = Release|x86
	EndGlobalSection
	GlobalSection(ProjectConfigurationPlatforms) = postSolution
		{9D5CB570-A087-427C-BFC4-EDED51EA99D3}.Debug|x64.ActiveCfg = Debug|x64
		{9D5CB570-A087-427C-BFC4-EDED51EA99D3}.Debug|x64.Build.0 = Debug|x64
		{9D5CB570-A087-427C-BFC4-EDED51EA99D3}.Debug|x86.ActiveCfg = Debug|Win32
		{9D5CB570-A087-427C-BFC4-EDED51EA99D3}.Debug|x86.Build.0 = Debug|Win32
		{9D5CB570-A087-427C-BFC4-EDED51EA99D3}.Release|x64.ActiveCfg = Release|x64
		{9D5CB570-A087-427C-BFC4-EDED51EA99D3}.Release|x64.Build.0 = Release|x64
		{9D5CB570-A087-427C-BFC4-EDED51EA99D3}.Release|x86.ActiveCfg = Release|Win32
		{9D5CB570-A087-427C-BFC4-EDED51EA99D3}.Release|x86.Build.0 = Release|Win32
	EndGlobalSection
	GlobalSection(SolutionProperties) = preSolution
		HideSolutionNode = FALSE
	EndGlobalSection
	GlobalSection(ExtensibilityGlobals) = postSolution
		SolutionGuid = {4C8B6DA1-EB0D-4DFE-BC5F-6829B2E035D0}
	EndGlobalSection
EndGlobal
